{
    "_meta": {
        "hash": {
            "sha256": "8ff9fdbd73509a362f656136c4bd857056131fb4ab06d4423e31cbdeb2c2dbf5"
        },
        "pipfile-spec": 6,
        "requires": {
            "python_version": "3"
        },
        "sources": [
            {
                "name": "pypi",
                "url": "https://pypi.org/simple",
                "verify_ssl": true
            }
        ]
    },
    "default": {
        "anyio": {
            "hashes": [
                "sha256:73c693b567b0c55130c104d0b43a9baf3aa6a31fc6110116509f27bf75e21ec0",
                "sha256:dad2376a628f98eeca4881fc56cd06affd18f659b17a747d3ff0307ced94b1bb"
            ],
            "markers": "python_version >= '3.9'",
            "version": "==4.12.0"
        },
        "click": {
            "hashes": [
                "sha256:12ff4785d337a1bb490bb7e9c2b1ee5da3112e94a8622f26a6c77f5d2fc6842a",
                "sha256:981153a64e25f12d547d3426c367a4857371575ee7ad18df2a6183ab0545b2a6"
            ],
            "markers": "python_version >= '3.10'",
            "version": "==8.3.1"
        },
        "h11": {
            "hashes": [
                "sha256:4e35b956cf45792e4caa5885e69fba00bdbc6ffafbfa020300e549b208ee5ff1",
                "sha256:63cf8bbe7522de3bf65932fda1d9c2772064ffb3dae62d55932da54b31cb6c86"
            ],
            "markers": "python_version >= '3.8'",
            "version": "==0.16.0"
        },
        "idna": {
            "hashes": [
                "sha256:771a87f49d9defaf64091e6e6fe9c18d4833f140bd19464795bc32d966ca37ea",
                "sha256:795dafcc9c04ed0c1fb032c2aa73654d8e8c5023a7df64a53f39190ada629902"
            ],
            "markers": "python_version >= '3.8'",
            "version": "==3.11"
        },
        "starlette": {
            "hashes": [
                "sha256:42fcf3122f998fefce3e2c5ad7e5edbf0f02cf685d646a83a08d404726af5084",
                "sha256:c0414d5a56297d37f3db96a84034d61ce29889b9eaccf65eb98a0b39441fcaa3"
            ],
            "index": "pypi",
            "markers": "python_version >= '3.7'",
            "version": "==0.20.4"
        },
        "uvicorn": {
            "hashes": [
                "sha256:0abd429ebb41e604ed8d2be6c60530de3408f250e8d2d84967d85ba9e86fe3af",
                "sha256:9a66e7c42a2a95222f76ec24a4b754c158261c4696e683b9dadc72b590e0311b"
            ],
            "index": "pypi",
            "markers": "python_version >= '3.7'",
            "version": "==0.18.3"
        },
        "yt-dlp": {
            "hashes": [
                "sha256:36e2584342e409cfbfa0b5e61448a1c5189e345cf4564294456ee509e7d3e065",
                "sha256:b773c81bb6b71cb2c111cfb859f453c7a71cf2ef44eff234ff155877184c3e4f"
            ],
            "index": "pypi",
            "markers": "python_version >= '3.10'",
            "version": "==2025.12.8"
        }
    },
    "develop": {
        "astroid": {
            "hashes": [
                "sha256:ac8fb7ca1c08eb9afec91ccc23edbd8ac73bb22cbdd7da1d488d9fb8d6579070",
                "sha256:d7546c00a12efc32650b19a2bb66a153883185d3179ab0d4868086f807338b9b"
            ],
            "markers": "python_full_version >= '3.10.0'",
            "version": "==4.0.2"
        },
        "dill": {
            "hashes": [
                "sha256:0633f1d2df477324f53a895b02c901fb961bdbf65a17122586ea7019292cbcf0",
                "sha256:44f54bf6412c2c8464c14e8243eb163690a9800dbe2c367330883b19c7561049"
            ],
            "markers": "python_version >= '3.11'",
            "version": "==0.4.0"
        },
        "isort": {
            "hashes": [
                "sha256:1bcabac8bc3c36c7fb7b98a76c8abb18e0f841a3ba81decac7691008592499c1",
                "sha256:5513527951aadb3ac4292a41a16cbc50dd1642432f5e8c20057d414bdafb4187"
            ],
            "markers": "python_full_version >= '3.10.0'",
            "version": "==7.0.0"
        },
        "mccabe": {
            "hashes": [
                "sha256:348e0240c33b60bbdf4e523192ef919f28cb2c3d7d5c7794f74009290f236325",
                "sha256:6c2d30ab6be0e4a46919781807b4f0d834ebdd6c6e3dca0bda5a15f863427b6e"
            ],
            "markers": "python_version >= '3.6'",
            "version": "==0.7.0"
        },
        "platformdirs": {
            "hashes": [
                "sha256:61d5cdcc6065745cdd94f0f878977f8de9437be93de97c1c12f853c9c0cdcbda",
                "sha256:d03afa3963c806a9bed9d5125c8f4cb2fdaf74a55ab60e5d59b3fde758104d31"
            ],
            "markers": "python_version >= '3.10'",
            "version": "==4.5.1"
        },
        "pylint": {
            "hashes": [
                "sha256:63e06a37d5922555ee2c20963eb42559918c20bd2b21244e4ef426e7c43b92e0",
                "sha256:d9b71674e19b1c36d79265b5887bf8e55278cbe236c9e95d22dc82cf044fdbd2"
            ],
            "index": "pypi",
            "markers": "python_full_version >= '3.10.0'",
            "version": "==4.0.4"
        },
        "tomlkit": {
            "hashes": [
                "sha256:430cf247ee57df2b94ee3fbe588e71d362a941ebb545dec29b53961d61add2a1",
                "sha256:c89c649d79ee40629a9fda55f8ace8c6a1b42deb912b2a8fd8d942ddadb606b0"
            ],
            "markers": "python_version >= '3.8'",
            "version": "==0.13.3"
        }
    }
}
